// !$*UTF8*$!
{
	archiveVersion = 1;
	classes = {
	};
	objectVersion = 46;
	objects = {

/* Begin PBXBuildFile section */
		42C4532D1CF82E8A003908DC /* main.m in Sources */ = {isa = PBXBuildFile; fileRef = 42C4532C1CF82E8A003908DC /* main.m */; };
		42C453301CF82E8A003908DC /* AppDelegate.m in Sources */ = {isa = PBXBuildFile; fileRef = 42C4532F1CF82E8A003908DC /* AppDelegate.m */; };
		42C453331CF82E8A003908DC /* ViewController.m in Sources */ = {isa = PBXBuildFile; fileRef = 42C453321CF82E8A003908DC /* ViewController.m */; };
		42C453361CF82E8A003908DC /* Main.storyboard in Resources */ = {isa = PBXBuildFile; fileRef = 42C453341CF82E8A003908DC /* Main.storyboard */; };
		42C453381CF82E8A003908DC /* Assets.xcassets in Resources */ = {isa = PBXBuildFile; fileRef = 42C453371CF82E8A003908DC /* Assets.xcassets */; };
		42C4533B1CF82E8A003908DC /* LaunchScreen.storyboard in Resources */ = {isa = PBXBuildFile; fileRef = 42C453391CF82E8A003908DC /* LaunchScreen.storyboard */; };
/* End PBXBuildFile section */

/* Begin PBXFileReference section */
		42C453281CF82E8A003908DC /* OTRepeatableButtonDemo.app */ = {isa = PBXFileReference; explicitFileType = wrapper.application; includeInIndex = 0; path = OTRepeatableButtonDemo.app; sourceTree = BUILT_PRODUCTS_DIR; };
		42C4532C1CF82E8A003908DC /* main.m */ = {isa = PBXFileReference; lastKnownFileType = sourcecode.c.objc; path = main.m; sourceTree = "<group>"; };
		42C4532E1CF82E8A003908DC /* AppDelegate.h */ = {isa = PBXFileReference; lastKnownFileType = sourcecode.c.h; path = AppDelegate.h; sourceTree = "<group>"; };
		42C4532F1CF82E8A003908DC /* AppDelegate.m */ = {isa = PBXFileReference; lastKnownFileType = sourcecode.c.objc; path = AppDelegate.m; sourceTree = "<group>"; };
		42C453311CF82E8A003908DC /* ViewController.h */ = {isa = PBXFileReference; lastKnownFileType = sourcecode.c.h; path = ViewController.h; sourceTree = "<group>"; };
		42C453321CF82E8A003908DC /* ViewController.m */ = {isa = PBXFileReference; lastKnownFileType = sourcecode.c.objc; path = ViewController.m; sourceTree = "<group>"; };
		42C453351CF82E8A003908DC /* Base */ = {isa = PBXFileReference; lastKnownFileType = file.storyboard; name = Base; path = Base.lproj/Main.storyboard; sourceTree = "<group>"; };
		42C453371CF82E8A003908DC /* Assets.xcassets */ = {isa = PBXFileReference; lastKnownFileType = folder.assetcatalog; path = Assets.xcassets; sourceTree = "<group>"; };
		42C4533A1CF82E8A003908DC /* Base */ = {isa = PBXFileReference; lastKnownFileType = file.storyboard; name = Base; path = Base.lproj/LaunchScreen.storyboard; sourceTree = "<group>"; };
		42C4533C1CF82E8A003908DC /* Info.plist */ = {isa = PBXFileReference; lastKnownFileType = text.plist.xml; path = Info.plist; sourceTree = "<group>"; };
/* End PBXFileReference section */

/* Begin PBXFrameworksBuildPhase section */
		42C453251CF82E8A003908DC /* Frameworks */ = {
			isa = PBXFrameworksBuildPhase;
			buildActionMask = 2147483647;
			files = (
			);
			runOnlyForDeploymentPostprocessing = 0;
		};
/* End PBXFrameworksBuildPhase section */

/* Begin PBXGroup section */
		42C4531F1CF82E8A003908DC = {
			isa = PBXGroup;
			children = (
				42C4532A1CF82E8A003908DC /* OTRepeatableButtonDemo */,
				42C453291CF82E8A003908DC /* Products */,
			);
			sourceTree = "<group>";
		};
		42C453291CF82E8A003908DC /* Products */ = {
			isa = PBXGroup;
			children = (
				42C453281CF82E8A003908DC /* OTRepeatableButtonDemo.app */,
			);
			name = Products;
			sourceTree = "<group>";
		};
		42C4532A1CF82E8A003908DC /* OTRepeatableButtonDemo */ = {
			isa = PBXGroup;
			children = (
				42C4532E1CF82E8A003908DC /* AppDelegate.h */,
				42C4532F1CF82E8A003908DC /* AppDelegate.m */,
				42C453311CF82E8A003908DC /* ViewController.h */,
				42C453321CF82E8A003908DC /* ViewController.m */,
				42C453341CF82E8A003908DC /* Main.storyboard */,
				42C453371CF82E8A003908DC /* Assets.xcassets */,
				42C453391CF82E8A003908DC /* LaunchScreen.storyboard */,
				42C4533C1CF82E8A003908DC /* Info.plist */,
				42C4532B1CF82E8A003908DC /* Supporting Files */,
			);
			path = OTRepeatableButtonDemo;
			sourceTree = "<group>";
		};
		42C4532B1CF82E8A003908DC /* Supporting Files */ = {
			isa = PBXGroup;
			children = (
				42C4532C1CF82E8A003908DC /* main.m */,
			);
			name = "Supporting Files";
			sourceTree = "<group>";
		};
/* End PBXGroup section */

/* Begin PBXNativeTarget section */
		42C453271CF82E8A003908DC /* OTRepeatableButtonDemo */ = {
			isa = PBXNativeTarget;
			buildConfigurationList = 42C4533F1CF82E8A003908DC /* Build configuration list for PBXNativeTarget "OTRepeatableButtonDemo" */;
			buildPhases = (
				42C453241CF82E8A003908DC /* Sources */,
				42C453251CF82E8A003908DC /* Frameworks */,
				42C453261CF82E8A003908DC /* Resources */,
			);
			buildRules = (
			);
			dependencies = (
			);
			name = OTRepeatableButtonDemo;
			productName = OTRepeatableButtonDemo;
			productReference = 42C453281CF82E8A003908DC /* OTRepeatableButtonDemo.app */;
			productType = "com.apple.product-type.application";
		};
/* End PBXNativeTarget section */

/* Begin PBXProject section */
		42C453201CF82E8A003908DC /* Project object */ = {
			isa = PBXProject;
			attributes = {
				LastUpgradeCheck = 0730;
				ORGANIZATIONNAME = openthread;
				TargetAttributes = {
					42C453271CF82E8A003908DC = {
						CreatedOnToolsVersion = 7.3.1;
					};
				};
			};
			buildConfigurationList = 42C453231CF82E8A003908DC /* Build configuration list for PBXProject "OTRepeatableButtonDemo" */;
			compatibilityVersion = "Xcode 3.2";
			developmentRegion = English;
			hasScannedForEncodings = 0;
			knownRegions = (
				en,
				Base,
			);
			mainGroup = 42C4531F1CF82E8A003908DC;
			productRefGroup = 42C453291CF82E8A003908DC /* Products */;
			projectDirPath = "";
			projectRoot = "";
			targets = (
				42C453271CF82E8A003908DC /* OTRepeatableButtonDemo */,
			);
		};
/* End PBXProject section */

/* Begin PBXResourcesBuildPhase section */
		42C453261CF82E8A003908DC /* Resources */ = {
			isa = PBXResourcesBuildPhase;
			buildActionMask = 2147483647;
			files = (
				42C4533B1CF82E8A003908DC /* LaunchScreen.storyboard in Resources */,
				42C453381CF82E8A003908DC /* Assets.xcassets in Resources */,
				42C453361CF82E8A003908DC /* Main.storyboard in Resources */,
			);
			runOnlyForDeploymentPostprocessing = 0;
		};
/* End PBXResourcesBuildPhase section */

/* Begin PBXSourcesBuildPhase section */
		42C453241CF82E8A003908DC /* Sources */ = {
			isa = PBXSourcesBuildPhase;
			buildActionMask = 2147483647;
			files = (
				42C453331CF82E8A003908DC /* ViewController.m in Sources */,
				42C453301CF82E8A003908DC /* AppDelegate.m in Sources */,
				42C4532D1CF82E8A003908DC /* main.m in Sources */,
			);
			runOnlyForDeploymentPostprocessing = 0;
		};
/* End PBXSourcesBuildPhase section */

/* Begin PBXVariantGroup section */
		42C453341CF82E8A003908DC /* Main.storyboard */ = {
			isa = PBXVariantGroup;
			children = (
				42C453351CF82E8A003908DC /* Base */,
			);
			name = Main.storyboard;
			sourceTree = "<group>";
		};
		42C453391CF82E8A003908DC /* LaunchScreen.storyboard */ = {
			isa = PBXVariantGroup;
			children = (
				42C4533A1CF82E8A003908DC /* Base */,
			);
			name = LaunchScreen.storyboard;
			sourceTree = "<group>";
		};
/* End PBXVariantGroup section */

/* Begin XCBuildConfiguration section */
		42C4533D1CF82E8A003908DC /* Debug */ = {
			isa = XCBuildConfiguration;
			buildSettings = {
				ALWAYS_SEARCH_USER_PATHS = NO;
				CLANG_ANALYZER_NONNULL = YES;
				CLANG_CXX_LANGUAGE_STANDARD = "gnu++0x";
				CLANG_CXX_LIBRARY = "libc++";
				CLANG_ENABLE_MODULES = YES;
				CLANG_ENABLE_OBJC_ARC = YES;
				CLANG_WARN_BOOL_CONVERSION = YES;
				CLANG_WARN_CONSTANT_CONVERSION = YES;
				CLANG_WARN_DIRECT_OBJC_ISA_USAGE = YES_ERROR;
				CLANG_WARN_EMPTY_BODY = YES;
				CLANG_WARN_ENUM_CONVERSION = YES;
				CLANG_WARN_INT_CONVERSION = YES;
				CLANG_WARN_OBJC_ROOT_CLASS = YES_ERROR;
				CLANG_WARN_UNREACHABLE_CODE = YES;
				CLANG_WARN__DUPLICATE_METHOD_MATCH = YES;
				"CODE_SIGN_IDENTITY[sdk=iphoneos*]" = "iPhone Developer";
				COPY_PHASE_STRIP = NO;
				DEBUG_INFORMATION_FORMAT = dwarf;
				ENABLE_STRICT_OBJC_MSGSEND = YES;
				ENABLE_TESTABILITY = YES;
				GCC_C_LANGUAGE_STANDARD = gnu99;
				GCC_DYNAMIC_NO_PIC = NO;
				GCC_NO_COMMON_BLOCKS = YES;
				GCC_OPTIMIZATION_LEVEL = 0;
				GCC_PREPROCESSOR_DEFINITIONS = (
					"DEBUG=1",
					"$(inherited)",
				);
				GCC_WARN_64_TO_32_BIT_CONVERSION = YES;
				GCC_WARN_ABOUT_RETURN_TYPE = YES_ERROR;
				GCC_WARN_UNDECLARED_SELECTOR = YES;
				GCC_WARN_UNINITIALIZED_AUTOS = YES_AGGRESSIVE;
				GCC_WARN_UNUSED_FUNCTION = YES;
				GCC_WARN_UNUSED_VARIABLE = YES;
				IPHONEOS_DEPLOYMENT_TARGET = 9.3;
				MTL_ENABLE_DEBUG_INFO = YES;
				ONLY_ACTIVE_ARCH = YES;
				SDKROOT = iphoneos;
			};
			name = Debug;
		};
		42C4533E1CF82E8A003908DC /* Release */ = {
			isa = XCBuildConfiguration;
			buildSettings = {
				ALWAYS_SEARCH_USER_PATHS = NO;
				CLANG_ANALYZER_NONNULL = YES;
				CLANG_CXX_LANGUAGE_STANDARD = "gnu++0x";
				CLANG_CXX_LIBRARY = "libc++";
				CLANG_ENABLE_MODULES = YES;
				CLANG_ENABLE_OBJC_ARC = YES;
				CLANG_WARN_BOOL_CONVERSION = YES;
				CLANG_WARN_CONSTANT_CONVERSION = YES;
				CLANG_WARN_DIRECT_OBJC_ISA_USAGE = YES_ERROR;
				CLANG_WARN_EMPTY_BODY = YES;
				CLANG_WARN_ENUM_CONVERSION = YES;
				CLANG_WARN_INT_CONVERSION = YES;
				CLANG_WARN_OBJC_ROOT_CLASS = YES_ERROR;
				CLANG_WARN_UNREACHABLE_CODE = YES;
				CLANG_WARN__DUPLICATE_METHOD_MATCH = YES;
				"CODE_SIGN_IDENTITY[sdk=iphoneos*]" = "iPhone Developer";
				COPY_PHASE_STRIP = NO;
				DEBUG_INFORMATION_FORMAT = "dwarf-with-dsym";
				ENABLE_NS_ASSERTIONS = NO;
				ENABLE_STRICT_OBJC_MSGSEND = YES;
				GCC_C_LANGUAGE_STANDARD = gnu99;
				GCC_NO_COMMON_BLOCKS = YES;
				GCC_WARN_64_TO_32_BIT_CONVERSION = YES;
				GCC_WARN_ABOUT_RETURN_TYPE = YES_ERROR;
				GCC_WARN_UNDECLARED_SELECTOR = YES;
				GCC_WARN_UNINITIALIZED_AUTOS = YES_AGGRESSIVE;
				GCC_WARN_UNUSED_FUNCTION = YES;
				GCC_WARN_UNUSED_VARIABLE = YES;
				IPHONEOS_DEPLOYMENT_TARGET = 9.3;
				MTL_ENABLE_DEBUG_INFO = NO;
				SDKROOT = iphoneos;
				VALIDATE_PRODUCT = YES;
			};
			name = Release;
		};
		42C453401CF82E8A003908DC /* Debug */ = {
			isa = XCBuildConfiguration;
			buildSettings = {
				ASSETCATALOG_COMPILER_APPICON_NAME = AppIcon;
				INFOPLIST_FILE = OTRepeatableButtonDemo/Info.plist;
				LD_RUNPATH_SEARCH_PATHS = "$(inherited) @executable_path/Frameworks";
				PRODUCT_BUNDLE_IDENTIFIER = twentyfileoclock.OTRepeatableButtonDemo;
				PRODUCT_NAME = "$(TARGET_NAME)";
			};
			name = Debug;
		};
		42C453411CF82E8A003908DC /* Release */ = {
			isa = XCBuildConfiguration;
			buildSettings = {
				ASSETCATALOG_COMPILER_APPICON_NAME = AppIcon;
				INFOPLIST_FILE = OTRepeatableButtonDemo/Info.plist;
				LD_RUNPATH_SEARCH_PATHS = "$(inherited) @executable_path/Frameworks";
				PRODUCT_BUNDLE_IDENTIFIER = twentyfileoclock.OTRepeatableButtonDemo;
				PRODUCT_NAME = "$(TARGET_NAME)";
			};
			name = Release;
		};
/* End XCBuildConfiguration section */

/* Begin XCConfigurationList section */
		42C453231CF82E8A003908DC /* Build configuration list for PBXProject "OTRepeatableButtonDemo" */ = {
			isa = XCConfigurationList;
			buildConfigurations = (
				42C4533D1CF82E8A003908DC /* Debug */,
				42C4533E1CF82E8A003908DC /* Release */,
			);
			defaultConfigurationIsVisible = 0;
			defaultConfigurationName = Release;
		};
		42C4533F1CF82E8A003908DC /* Build configuration list for PBXNativeTarget "OTRepeatableButtonDemo" */ = {
			isa = XCConfigurationList;
			buildConfigurations = (
				42C453401CF82E8A003908DC /* Debug */,
				42C453411CF82E8A003908DC /* Release */,
			);
			defaultConfigurationIsVisible = 0;
		};
/* End XCConfigurationList section */
	};
	rootObject = 42C453201CF82E8A003908DC /* Project object */;
}
